# THIS IS AN AUTOGENERATED FILE. DO NOT EDIT THIS FILE DIRECTLY.
# yarn lockfile v1


"@puppeteer/browsers@3.0.4":
  version "3.0.4"
  resolved "https://packages.jetbrains.team/npm/p/krpc/build-deps/@puppeteer/browsers/-/browsers-3.0.4.tgz#79fa2e450f9e54f758f806d4cfc6202795c9284f"
  integrity sha512-HGM8iAmGTf+Y7t0373szVbTmt3d7vPkYL/1bpOkOFO0YUYLgSeuYBCzESklogNPvOBnZ/MRD5f07OkpqH1trtA==
  dependencies:
    modern-tar "^0.7.6"
    yargs "^17.7.2"

ansi-regex@^5.0.1:
  version "5.0.1"
  resolved "https://packages.jetbrains.team/npm/p/krpc/build-deps/ansi-regex/-/ansi-regex-5.0.1.tgz#082cb2c89c9fe8659a311a53bd6a4dc5301db304"
  integrity sha512-quJQXlTSUGL2LH9SUXo8VwsY4soanhgo6LNSm84E1LBcE8s3O0wpdiRzyR9z/ZZJMlMWv37qOOb9pdJlMUEKFQ==

ansi-styles@^4.0.0:
  version "4.3.0"
  resolved "https://packages.jetbrains.team/npm/p/krpc/build-deps/ansi-styles/-/ansi-styles-4.3.0.tgz#edd803628ae71c04c85ae7a0906edad34b648937"
  integrity sha512-zbB9rCJAT1rbjiVDb2hqKFHNYLxgtk8NURxZ3IZwD3F6NtxbXZQCnnSi1Lkx+IDohdPlFp222wVALIheZJQSEg==
  dependencies:
    color-convert "^2.0.1"

chromium-bidi@16.0.1:
  version "16.0.1"
  resolved "https://packages.jetbrains.team/npm/p/krpc/build-deps/chromium-bidi/-/chromium-bidi-16.0.1.tgz#0c6b0e55065468fc777d62032b63b73f614b1d88"
  integrity sha512-J63PGu/9PpeCwLIcKYyzWP6yaVL5pxuBc0shlYCYM8BaAkmlwiQboXO1iNbOgSDbVklEyYFfNEcHD8oOAWacUA==
  dependencies:
    mitt "^3.0.1"
    zod "^3.24.1"

cliui@^8.0.1:
  version "8.0.1"
  resolved "https://packages.jetbrains.team/npm/p/krpc/build-deps/cliui/-/cliui-8.0.1.tgz#0c04b075db02cbfe60dc8e6cf2f5486b1a3608aa"
  integrity sha512-BSeNnyus75C4//NQ9gQt1/csTXyo/8Sb+afLAkzAptFuMsod9HFokGNudZpi/oQV73hnVK+sR+5PVRMd+Dr7YQ==
  dependencies:
    string-width "^4.2.0"
    strip-ansi "^6.0.1"
    wrap-ansi "^7.0.0"

color-convert@^2.0.1:
  version "2.0.1"
  resolved "https://packages.jetbrains.team/npm/p/krpc/build-deps/color-convert/-/color-convert-2.0.1.tgz#72d3a68d598c9bdb3af2ad1e84f21d896abd4de3"
  integrity sha512-RRECPsj7iu/xb5oKYcsFHSppFNnsj/52OVTRKb4zP5onXwVF3zVmmToNcOfGC+CRDpfK/U584fMg38ZHCaElKQ==
  dependencies:
    color-name "~1.1.4"

color-name@~1.1.4:
  version "1.1.4"
  resolved "https://packages.jetbrains.team/npm/p/krpc/build-deps/color-name/-/color-name-1.1.4.tgz#c2a09a87acbde69543de6f63fa3995c826c536a2"
  integrity sha512-dOy+3AuW3a2wNbZHIuMZpTcgjGuLU/uBL/ubcZF9OXbDo8ff4O8yVp5Bf0efS8uEoYo5q4Fx7dY9OgQGXgAsQA==

devtools-protocol@0.0.1624250:
  version "0.0.1624250"
  resolved "https://packages.jetbrains.team/npm/p/krpc/build-deps/devtools-protocol/-/devtools-protocol-0.0.1624250.tgz#b1dc2ad512c049a8dc2f4e2de42000045a5d749d"
  integrity sha512-YFAat/lOiIk0ARmBweG+ygrEcbZrq5B9urRyUoeQKp53MlidHXE2TmTbxKcaXoQj7u/aX+jebDO4BW55rs0WwA==

emoji-regex@^8.0.0:
  version "8.0.0"
  resolved "https://packages.jetbrains.team/npm/p/krpc/build-deps/emoji-regex/-/emoji-regex-8.0.0.tgz#e818fd69ce5ccfcb404594f842963bf53164cc37"
  integrity sha512-MSjYzcWNOA0ewAHpz0MxpYFvwg6yjy1NG3xteoqz644VCo/RPgnr1/GGt+ic3iJTzQ8Eu3TdM14SawnVUmGE6A==

escalade@^3.1.1:
  version "3.2.0"
  resolved "https://packages.jetbrains.team/npm/p/krpc/build-deps/escalade/-/escalade-3.2.0.tgz#011a3f69856ba189dffa7dc8fcce99d2a87903e5"
  integrity sha512-WUj2qlxaQtO4g6Pq5c29GTcWGDyd8itL8zTlipgECz3JesAiiOKotd8JU6otB3PACgG6xkJUyVhboMS+bje/jA==

get-caller-file@^2.0.5:
  version "2.0.5"
  resolved "https://packages.jetbrains.team/npm/p/krpc/build-deps/get-caller-file/-/get-caller-file-2.0.5.tgz#4f94412a82db32f36e3b0b9741f8a97feb031f7e"
  integrity sha512-DyFP3BM/3YHTQOCUL/w0OZHR0lpKeGrxotcHWcqNEdnltqFwXVfhEBQ94eIo34AfQpo0rGki4cyIiftY06h2Fg==

is-fullwidth-code-point@^3.0.0:
  version "3.0.0"
  resolved "https://packages.jetbrains.team/npm/p/krpc/build-deps/is-fullwidth-code-point/-/is-fullwidth-code-point-3.0.0.tgz#f116f8064fe90b3f7844a38997c0b75051269f1d"
  integrity sha512-zymm5+u+sCsSWyD9qNaejV3DFvhCKclKdizYaJUuHA83RLjb7nSuGnddCHGv0hk+KY7BMAlsWeK4Ueg6EV6XQg==

lilconfig@^3.1.3:
  version "3.1.3"
  resolved "https://packages.jetbrains.team/npm/p/krpc/build-deps/lilconfig/-/lilconfig-3.1.3.tgz#a1bcfd6257f9585bf5ae14ceeebb7b559025e4c4"
  integrity sha512-/vlFKAoH5Cgt3Ie+JLhRbwOsCQePABiU3tJ1egGvyQ+33R/vcwM2Zl2QR/LzjsBeItPt3oSVXapn+m4nQDvpzw==

mitt@^3.0.1:
  version "3.0.1"
  resolved "https://packages.jetbrains.team/npm/p/krpc/build-deps/mitt/-/mitt-3.0.1.tgz#ea36cf0cc30403601ae074c8f77b7092cdab36d1"
  integrity sha512-vKivATfr97l2/QBCYAkXYDbrIWPM2IIKEl7YPhjCvKlG3kE2gm+uBo6nEXK3M5/Ffh/FLpKExzOQ3JJoJGFKBw==

modern-tar@^0.7.6:
  version "0.7.6"
  resolved "https://packages.jetbrains.team/npm/p/krpc/build-deps/modern-tar/-/modern-tar-0.7.6.tgz#a01edcd55b976a2b191d857456e8abb7208a8199"
  integrity sha512-sweCIVXzx1aIGTCdzcMlSZt1h8k5Tmk08VNAuRk3IU28XamGiOH5ypi11g6De2CH7PhYqSSnGy2A/EFhbWnVKg==

puppeteer-core@25.1.0:
  version "25.1.0"
  resolved "https://packages.jetbrains.team/npm/p/krpc/build-deps/puppeteer-core/-/puppeteer-core-25.1.0.tgz#5e2510eff3c3a166e0e9a436d307eb6ed06da44c"
  integrity sha512-jKzy5y4WG6uNuFbTWgW1D7mqoT9o0nllc/6a1DGF775T1mPmgw3scdFEtEq67yVFikavQmbYq6NLfbTfxHSlqQ==
  dependencies:
    "@puppeteer/browsers" "3.0.4"
    chromium-bidi "16.0.1"
    devtools-protocol "0.0.1624250"
    typed-query-selector "^2.12.2"
    webdriver-bidi-protocol "0.4.2"
    ws "^8.21.0"

puppeteer@25.1.0:
  version "25.1.0"
  resolved "https://packages.jetbrains.team/npm/p/krpc/build-deps/puppeteer/-/puppeteer-25.1.0.tgz#7660e4d3373821f48debc774c0c84c9e13a72dbf"
  integrity sha512-7L6/0JM7XStK99lIL4xQySyNEXNfII6pk0BxkI5kKBTOhR7AsoQiv067YTsE/rIXxQiq9ajlO4WcqBjS/FWK1A==
  dependencies:
    "@puppeteer/browsers" "3.0.4"
    chromium-bidi "16.0.1"
    devtools-protocol "0.0.1624250"
    lilconfig "^3.1.3"
    puppeteer-core "25.1.0"
    typed-query-selector "^2.12.2"

require-directory@^2.1.1:
  version "2.1.1"
  resolved "https://packages.jetbrains.team/npm/p/krpc/build-deps/require-directory/-/require-directory-2.1.1.tgz#8c64ad5fd30dab1c976e2344ffe7f792a6a6df42"
  integrity sha512-fGxEI7+wsG9xrvdjsrlmL22OMTTiHRwAMroiEeMgq8gzoLC/PQr7RsRDSTLUg/bZAZtF+TVIkHc6/4RIKrui+Q==

string-width@^4.1.0, string-width@^4.2.0, string-width@^4.2.3:
  version "4.2.3"
  resolved "https://packages.jetbrains.team/npm/p/krpc/build-deps/string-width/-/string-width-4.2.3.tgz#269c7117d27b05ad2e536830a8ec895ef9c6d010"
  integrity sha512-wKyQRQpjJ0sIp62ErSZdGsjMJWsap5oRNihHhu6G7JVO/9jIB6UyevL+tXuOqrng8j/cxKTWyWUwvSTriiZz/g==
  dependencies:
    emoji-regex "^8.0.0"
    is-fullwidth-code-point "^3.0.0"
    strip-ansi "^6.0.1"

strip-ansi@^6.0.0, strip-ansi@^6.0.1:
  version "6.0.1"
  resolved "https://packages.jetbrains.team/npm/p/krpc/build-deps/strip-ansi/-/strip-ansi-6.0.1.tgz#9e26c63d30f53443e9489495b2105d37b67a85d9"
  integrity sha512-Y38VPSHcqkFrCpFnQ9vuSXmquuv5oXOKpGeT6aGrr3o3Gc9AlVa6JBfUSOCnbxGGZF+/0ooI7KrPuUSztUdU5A==
  dependencies:
    ansi-regex "^5.0.1"

typed-query-selector@^2.12.2:
  version "2.12.2"
  resolved "https://packages.jetbrains.team/npm/p/krpc/build-deps/typed-query-selector/-/typed-query-selector-2.12.2.tgz#65e2462ac6b0aecfae1bfac1a4f3027070dbabaa"
  integrity sha512-EOPFbyIub4ngnEdqi2yOcNeDLaX/0jcE1JoAXQDDMIthap7FoN795lc/SHfIq2d416VufXpM8z/lD+WRm2gfOQ==

webdriver-bidi-protocol@0.4.2:
  version "0.4.2"
  resolved "https://packages.jetbrains.team/npm/p/krpc/build-deps/webdriver-bidi-protocol/-/webdriver-bidi-protocol-0.4.2.tgz#f51bb71c2606e90e3d5727607c728b25d617b58b"
  integrity sha512-VSV+fzfChirL3e7jay2yUC7B4HQCGtEWEg/MSSQbK+qWbqeGlRLlXTzPpYr3XGUvbpDHumWZBJxgesg4N7dbtA==

wrap-ansi@^7.0.0:
  version "7.0.0"
  resolved "https://packages.jetbrains.team/npm/p/krpc/build-deps/wrap-ansi/-/wrap-ansi-7.0.0.tgz#67e145cff510a6a6984bdf1152911d69d2eb9e43"
  integrity sha512-YVGIj2kamLSTxw6NsZjoBxfSwsn0ycdesmc4p+Q21c5zPuZ1pl+NfxVdxPtdHvmNVOQ6XSYG4AUtyt/Fi7D16Q==
  dependencies:
    ansi-styles "^4.0.0"
    string-width "^4.1.0"
    strip-ansi "^6.0.0"

ws@8.18.3:
  version "8.18.3"
  resolved "https://packages.jetbrains.team/npm/p/krpc/build-deps/ws/-/ws-8.18.3.tgz#b56b88abffde62791c639170400c93dcb0c95472"
  integrity sha512-PEIGCY5tSlUt50cqyMXfCzX+oOPqN0vuGqWzbcJ2xvnkzkq46oOpz7dQaTDBdfICb4N14+GARUDw2XV2N4tvzg==

ws@^8.21.0:
  version "8.21.0"
  resolved "https://packages.jetbrains.team/npm/p/krpc/build-deps/ws/-/ws-8.21.0.tgz#012e413fc07429945121b0c153158c4343086951"
  integrity sha512-Vsp28b7DRcimFQvrqu2Wek3z1iYxDCWqHYB8Qsnk/S4RfaCQzPGPyBNuVjJV3cd6UiKtUtp6sNM77gWvzcCH+g==

y18n@^5.0.5:
  version "5.0.8"
  resolved "https://packages.jetbrains.team/npm/p/krpc/build-deps/y18n/-/y18n-5.0.8.tgz#7f4934d0f7ca8c56f95314939ddcd2dd91ce1d55"
  integrity sha512-0pfFzegeDWJHJIAmTLRP2DwHjdF5s7jo9tuztdQxAhINCdvS+3nGINqPd00AphqJR/0LhANUS6/+7SCb98YOfA==

yargs-parser@^21.1.1:
  version "21.1.1"
  resolved "https://packages.jetbrains.team/npm/p/krpc/build-deps/yargs-parser/-/yargs-parser-21.1.1.tgz#9096bceebf990d21bb31fa9516e0ede294a77d35"
  integrity sha512-tVpsJW7DdjecAiFpbIB1e3qxIQsE6NoPc5/eTdrbbIC4h0LVsWhnoa3g+m2HclBIujHzsxZ4VJVA+GUuc2/LBw==

yargs@^17.7.2:
  version "17.7.2"
  resolved "https://packages.jetbrains.team/npm/p/krpc/build-deps/yargs/-/yargs-17.7.2.tgz#991df39aca675a192b816e1e0363f9d75d2aa269"
  integrity sha512-7dSzzRQ++CKnNI/krKnYRV7JKKPUXMEh61soaHKg9mrWEhzFWhFnxPxGl+69cD1Ou63C13NUPCnmIcrvqCuM6w==
  dependencies:
    cliui "^8.0.1"
    escalade "^3.1.1"
    get-caller-file "^2.0.5"
    require-directory "^2.1.1"
    string-width "^4.2.3"
    y18n "^5.0.5"
    yargs-parser "^21.1.1"

zod@^3.24.1:
  version "3.25.76"
  resolved "https://packages.jetbrains.team/npm/p/krpc/build-deps/zod/-/zod-3.25.76.tgz#26841c3f6fd22a6a2760e7ccb719179768471e34"
  integrity sha512-gzUt/qt81nXsFGKIFcC3YnfEAx5NkunCfnDlvuBSSFS02bcXu4Lmea0AFIUwbLWxWPx3d9p8S5QoaujKcNQxcQ==
