{
  "name": "auto-fix-on-merge",
  "version": "0.0.1",
  "lockfileVersion": 3,
  "requires": true,
  "packages": {
    "": {
      "name": "auto-fix-on-merge",
      "version": "0.0.1",
      "dependencies": {
        "@jetbrains/youtrack-scripting-api": "^2022.1.46592"
      }
    },
    "node_modules/@jetbrains/youtrack-scripting-api": {
      "version": "2022.1.46592",
      "resolved": "https://registry.npmjs.org/@jetbrains/youtrack-scripting-api/-/youtrack-scripting-api-2022.1.46592.tgz",
      "integrity": "sha512-UTw1OQkZpPahn8y90DqHkBGjit8jsPZbA3aXncyXHUUUkwJpq45LUoVX4iqUqnqpw86hod27kYfvblzrGoL7YA==",
      "license": "Apache-2.0"
    }
  }
}
